<?xml version="1.0" encoding="utf-8"?>
<Project ToolsVersion="4.0" xmlns="http://schemas.microsoft.com/developer/msbuild/2003">
  <ItemGroup>
    <Filter Include="moleculardynamics">
      <UniqueIdentifier>{0e266e6d-1bc6-42be-bb3f-6f74560ffbb7}</UniqueIdentifier>
    </Filter>
    <Filter Include="myrandom">
      <UniqueIdentifier>{077f7379-a712-40b5-95d5-6f48bee01785}</UniqueIdentifier>
    </Filter>
  </ItemGroup>
  <ItemGroup>
    <ClInclude Include="moleculardynamics\Ar_moleculardynamics.h">
      <Filter>moleculardynamics</Filter>
    </ClInclude>
    <ClInclude Include="myrandom\myrand.h">
      <Filter>myrandom</Filter>
    </ClInclude>
  </ItemGroup>
  <ItemGroup>
    <CudaCompile Include="kernel.cu" />
  </ItemGroup>
</Project>