<?xml version="1.0" encoding="utf-8"?>
<Project ToolsVersion="4.0" xmlns="http://schemas.microsoft.com/developer/msbuild/2003">
  <ItemGroup>
    <Filter Include="moleculardynamics">
      <UniqueIdentifier>{c4c4ceff-1585-4960-94fe-608f1bd71f8c}</UniqueIdentifier>
    </Filter>
    <Filter Include="myrandom">
      <UniqueIdentifier>{988ca1f8-e658-4570-bf2d-bb46ff36885c}</UniqueIdentifier>
    </Filter>
  </ItemGroup>
  <ItemGroup>
    <ClCompile Include="myrandom\myrand.cpp">
      <Filter>myrandom</Filter>
    </ClCompile>
  </ItemGroup>
  <ItemGroup>
    <ClInclude Include="myrandom\myrand.h">
      <Filter>myrandom</Filter>
    </ClInclude>
    <ClInclude Include="moleculardynamics\Ar_moleculardynamics.h">
      <Filter>moleculardynamics</Filter>
    </ClInclude>
  </ItemGroup>
  <ItemGroup>
    <CudaCompile Include="kernel.cu" />
  </ItemGroup>
</Project>