<?xml version="1.0" encoding="utf-8"?>
<Project ToolsVersion="4.0" xmlns="http://schemas.microsoft.com/developer/msbuild/2003">
  <ItemGroup>
    <Filter Include="moleculardynamics">
      <UniqueIdentifier>{0e1cbb99-0876-4529-beb4-dc4ad95a0c93}</UniqueIdentifier>
    </Filter>
    <Filter Include="myrandom">
      <UniqueIdentifier>{ea45d38b-23fb-4966-935a-698cfd183b1b}</UniqueIdentifier>
    </Filter>
  </ItemGroup>
  <ItemGroup>
    <ClInclude Include="moleculardynamics\Ar_moleculardynamics.h">
      <Filter>moleculardynamics</Filter>
    </ClInclude>
    <ClInclude Include="myrandom\myrand.h">
      <Filter>myrandom</Filter>
    </ClInclude>
  </ItemGroup>
</Project>